// !$*UTF8*$!
{
	archiveVersion = 1;
	classes = {
	};
	objectVersion = 46;
	objects = {

/* Begin PBXBuildFile section */
		35F5E0E4E0BCF18BC6C94CE1 /* Pods_PushNotifications.framework in Frameworks */ = {isa = PBXBuildFile; fileRef = 8C6B29BDE7261991E0833DB6 /* Pods_PushNotifications.framework */; };
		D95A68A000ECE52F9250A885 /* Pods_PushNotificationsTests.framework in Frameworks */ = {isa = PBXBuildFile; fileRef = 141FDE6E8CD940D9AA84B4A7 /* Pods_PushNotificationsTests.framework */; };
		FEEAD5581DE6ADBC0012071A /* AppDelegate.swift in Sources */ = {isa = PBXBuildFile; fileRef = FEEAD5571DE6ADBC0012071A /* AppDelegate.swift */; };
		FEEAD55A1DE6ADBC0012071A /* ViewController.swift in Sources */ = {isa = PBXBuildFile; fileRef = FEEAD5591DE6ADBC0012071A /* ViewController.swift */; };
		FEEAD55D1DE6ADBC0012071A /* Main.storyboard in Resources */ = {isa = PBXBuildFile; fileRef = FEEAD55B1DE6ADBC0012071A /* Main.storyboard */; };
		FEEAD55F1DE6ADBC0012071A /* Assets.xcassets in Resources */ = {isa = PBXBuildFile; fileRef = FEEAD55E1DE6ADBC0012071A /* Assets.xcassets */; };
		FEEAD5621DE6ADBC0012071A /* LaunchScreen.storyboard in Resources */ = {isa = PBXBuildFile; fileRef = FEEAD5601DE6ADBC0012071A /* LaunchScreen.storyboard */; };
		FEEAD56D1DE6ADBC0012071A /* PushNotificationsTests.swift in Sources */ = {isa = PBXBuildFile; fileRef = FEEAD56C1DE6ADBC0012071A /* PushNotificationsTests.swift */; };
		FEEAD5781DE6B0030012071A /* GoogleService-Info.plist in Resources */ = {isa = PBXBuildFile; fileRef = FEEAD5771DE6B0030012071A /* GoogleService-Info.plist */; };
/* End PBXBuildFile section */

/* Begin PBXContainerItemProxy section */
		FEEAD5691DE6ADBC0012071A /* PBXContainerItemProxy */ = {
			isa = PBXContainerItemProxy;
			containerPortal = FEEAD54C1DE6ADBC0012071A /* Project object */;
			proxyType = 1;
			remoteGlobalIDString = FEEAD5531DE6ADBC0012071A;
			remoteInfo = PushNotifications;
		};
/* End PBXContainerItemProxy section */

/* Begin PBXFileReference section */
		141FDE6E8CD940D9AA84B4A7 /* Pods_PushNotificationsTests.framework */ = {isa = PBXFileReference; explicitFileType = wrapper.framework; includeInIndex = 0; path = Pods_PushNotificationsTests.framework; sourceTree = BUILT_PRODUCTS_DIR; };
		8C6B29BDE7261991E0833DB6 /* Pods_PushNotifications.framework */ = {isa = PBXFileReference; explicitFileType = wrapper.framework; includeInIndex = 0; path = Pods_PushNotifications.framework; sourceTree = BUILT_PRODUCTS_DIR; };
		968EB971DEBF3AD0F26E7DEB /* Pods-PushNotificationsTests.release.xcconfig */ = {isa = PBXFileReference; includeInIndex = 1; lastKnownFileType = text.xcconfig; name = "Pods-PushNotificationsTests.release.xcconfig"; path = "Pods/Target Support Files/Pods-PushNotificationsTests/Pods-PushNotificationsTests.release.xcconfig"; sourceTree = "<group>"; };
		A233E70CA8622FB02C8C8C14 /* Pods-PushNotifications.debug.xcconfig */ = {isa = PBXFileReference; includeInIndex = 1; lastKnownFileType = text.xcconfig; name = "Pods-PushNotifications.debug.xcconfig"; path = "Pods/Target Support Files/Pods-PushNotifications/Pods-PushNotifications.debug.xcconfig"; sourceTree = "<group>"; };
		C076EF3CD4082E5F8B71C090 /* Pods-PushNotificationsTests.debug.xcconfig */ = {isa = PBXFileReference; includeInIndex = 1; lastKnownFileType = text.xcconfig; name = "Pods-PushNotificationsTests.debug.xcconfig"; path = "Pods/Target Support Files/Pods-PushNotificationsTests/Pods-PushNotificationsTests.debug.xcconfig"; sourceTree = "<group>"; };
		CC2B665C73411042A5D3B3D8 /* Pods-PushNotifications.release.xcconfig */ = {isa = PBXFileReference; includeInIndex = 1; lastKnownFileType = text.xcconfig; name = "Pods-PushNotifications.release.xcconfig"; path = "Pods/Target Support Files/Pods-PushNotifications/Pods-PushNotifications.release.xcconfig"; sourceTree = "<group>"; };
		FE38DF341DE6B8D5009F2F33 /* PushNotifications.entitlements */ = {isa = PBXFileReference; lastKnownFileType = text.plist.entitlements; path = PushNotifications.entitlements; sourceTree = "<group>"; };
		FEEAD5541DE6ADBC0012071A /* PushNotifications.app */ = {isa = PBXFileReference; explicitFileType = wrapper.application; includeInIndex = 0; path = PushNotifications.app; sourceTree = BUILT_PRODUCTS_DIR; };
		FEEAD5571DE6ADBC0012071A /* AppDelegate.swift */ = {isa = PBXFileReference; lastKnownFileType = sourcecode.swift; path = AppDelegate.swift; sourceTree = "<group>"; };
		FEEAD5591DE6ADBC0012071A /* ViewController.swift */ = {isa = PBXFileReference; lastKnownFileType = sourcecode.swift; path = ViewController.swift; sourceTree = "<group>"; };
		FEEAD55C1DE6ADBC0012071A /* Base */ = {isa = PBXFileReference; lastKnownFileType = file.storyboard; name = Base; path = Base.lproj/Main.storyboard; sourceTree = "<group>"; };
		FEEAD55E1DE6ADBC0012071A /* Assets.xcassets */ = {isa = PBXFileReference; lastKnownFileType = folder.assetcatalog; path = Assets.xcassets; sourceTree = "<group>"; };
		FEEAD5611DE6ADBC0012071A /* Base */ = {isa = PBXFileReference; lastKnownFileType = file.storyboard; name = Base; path = Base.lproj/LaunchScreen.storyboard; sourceTree = "<group>"; };
		FEEAD5631DE6ADBC0012071A /* Info.plist */ = {isa = PBXFileReference; lastKnownFileType = text.plist.xml; path = Info.plist; sourceTree = "<group>"; };
		FEEAD5681DE6ADBC0012071A /* PushNotificationsTests.xctest */ = {isa = PBXFileReference; explicitFileType = wrapper.cfbundle; includeInIndex = 0; path = PushNotificationsTests.xctest; sourceTree = BUILT_PRODUCTS_DIR; };
		FEEAD56C1DE6ADBC0012071A /* PushNotificationsTests.swift */ = {isa = PBXFileReference; lastKnownFileType = sourcecode.swift; path = PushNotificationsTests.swift; sourceTree = "<group>"; };
		FEEAD56E1DE6ADBC0012071A /* Info.plist */ = {isa = PBXFileReference; lastKnownFileType = text.plist.xml; path = Info.plist; sourceTree = "<group>"; };
		FEEAD5771DE6B0030012071A /* GoogleService-Info.plist */ = {isa = PBXFileReference; fileEncoding = 4; lastKnownFileType = text.plist.xml; path = "GoogleService-Info.plist"; sourceTree = "<group>"; };
/* End PBXFileReference section */

/* Begin PBXFrameworksBuildPhase section */
		FEEAD5511DE6ADBC0012071A /* Frameworks */ = {
			isa = PBXFrameworksBuildPhase;
			buildActionMask = 2147483647;
			files = (
				35F5E0E4E0BCF18BC6C94CE1 /* Pods_PushNotifications.framework in Frameworks */,
			);
			runOnlyForDeploymentPostprocessing = 0;
		};
		FEEAD5651DE6ADBC0012071A /* Frameworks */ = {
			isa = PBXFrameworksBuildPhase;
			buildActionMask = 2147483647;
			files = (
				D95A68A000ECE52F9250A885 /* Pods_PushNotificationsTests.framework in Frameworks */,
			);
			runOnlyForDeploymentPostprocessing = 0;
		};
/* End PBXFrameworksBuildPhase section */

/* Begin PBXGroup section */
		53567A678FCFAD24A1A9D784 /* Pods */ = {
			isa = PBXGroup;
			children = (
				A233E70CA8622FB02C8C8C14 /* Pods-PushNotifications.debug.xcconfig */,
				CC2B665C73411042A5D3B3D8 /* Pods-PushNotifications.release.xcconfig */,
				C076EF3CD4082E5F8B71C090 /* Pods-PushNotificationsTests.debug.xcconfig */,
				968EB971DEBF3AD0F26E7DEB /* Pods-PushNotificationsTests.release.xcconfig */,
			);
			name = Pods;
			sourceTree = "<group>";
		};
		F78D80BBB05D510C6CC33C7E /* Frameworks */ = {
			isa = PBXGroup;
			children = (
				8C6B29BDE7261991E0833DB6 /* Pods_PushNotifications.framework */,
				141FDE6E8CD940D9AA84B4A7 /* Pods_PushNotificationsTests.framework */,
			);
			name = Frameworks;
			sourceTree = "<group>";
		};
		FEEAD54B1DE6ADBC0012071A = {
			isa = PBXGroup;
			children = (
				FEEAD5561DE6ADBC0012071A /* PushNotifications */,
				FEEAD56B1DE6ADBC0012071A /* PushNotificationsTests */,
				FEEAD5551DE6ADBC0012071A /* Products */,
				53567A678FCFAD24A1A9D784 /* Pods */,
				F78D80BBB05D510C6CC33C7E /* Frameworks */,
			);
			sourceTree = "<group>";
		};
		FEEAD5551DE6ADBC0012071A /* Products */ = {
			isa = PBXGroup;
			children = (
				FEEAD5541DE6ADBC0012071A /* PushNotifications.app */,
				FEEAD5681DE6ADBC0012071A /* PushNotificationsTests.xctest */,
			);
			name = Products;
			sourceTree = "<group>";
		};
		FEEAD5561DE6ADBC0012071A /* PushNotifications */ = {
			isa = PBXGroup;
			children = (
				FE38DF341DE6B8D5009F2F33 /* PushNotifications.entitlements */,
				FEEAD5571DE6ADBC0012071A /* AppDelegate.swift */,
				FEEAD5591DE6ADBC0012071A /* ViewController.swift */,
				FEEAD55B1DE6ADBC0012071A /* Main.storyboard */,
				FEEAD55E1DE6ADBC0012071A /* Assets.xcassets */,
				FEEAD5601DE6ADBC0012071A /* LaunchScreen.storyboard */,
				FEEAD5631DE6ADBC0012071A /* Info.plist */,
				FEEAD5771DE6B0030012071A /* GoogleService-Info.plist */,
			);
			path = PushNotifications;
			sourceTree = "<group>";
		};
		FEEAD56B1DE6ADBC0012071A /* PushNotificationsTests */ = {
			isa = PBXGroup;
			children = (
				FEEAD56C1DE6ADBC0012071A /* PushNotificationsTests.swift */,
				FEEAD56E1DE6ADBC0012071A /* Info.plist */,
			);
			path = PushNotificationsTests;
			sourceTree = "<group>";
		};
/* End PBXGroup section */

/* Begin PBXNativeTarget section */
		FEEAD5531DE6ADBC0012071A /* PushNotifications */ = {
			isa = PBXNativeTarget;
			buildConfigurationList = FEEAD5711DE6ADBC0012071A /* Build configuration list for PBXNativeTarget "PushNotifications" */;
			buildPhases = (
				24EE3E51E703C007C0894A89 /* [CP] Check Pods Manifest.lock */,
				FEEAD5501DE6ADBC0012071A /* Sources */,
				FEEAD5511DE6ADBC0012071A /* Frameworks */,
				FEEAD5521DE6ADBC0012071A /* Resources */,
				0693C300A42901F902088C83 /* [CP] Embed Pods Frameworks */,
				AFFC6612EFDEA24AA969731E /* [CP] Copy Pods Resources */,
			);
			buildRules = (
			);
			dependencies = (
			);
			name = PushNotifications;
			productName = PushNotifications;
			productReference = FEEAD5541DE6ADBC0012071A /* PushNotifications.app */;
			productType = "com.apple.product-type.application";
		};
		FEEAD5671DE6ADBC0012071A /* PushNotificationsTests */ = {
			isa = PBXNativeTarget;
			buildConfigurationList = FEEAD5741DE6ADBC0012071A /* Build configuration list for PBXNativeTarget "PushNotificationsTests" */;
			buildPhases = (
				80DF4D90B9EA7C8450379D32 /* [CP] Check Pods Manifest.lock */,
				FEEAD5641DE6ADBC0012071A /* Sources */,
				FEEAD5651DE6ADBC0012071A /* Frameworks */,
				FEEAD5661DE6ADBC0012071A /* Resources */,
				112D0761195D5491DBAF69E4 /* [CP] Embed Pods Frameworks */,
				1D0A75FB40E9D91B2A032ABD /* [CP] Copy Pods Resources */,
			);
			buildRules = (
			);
			dependencies = (
				FEEAD56A1DE6ADBC0012071A /* PBXTargetDependency */,
			);
			name = PushNotificationsTests;
			productName = PushNotificationsTests;
			productReference = FEEAD5681DE6ADBC0012071A /* PushNotificationsTests.xctest */;
			productType = "com.apple.product-type.bundle.unit-test";
		};
/* End PBXNativeTarget section */

/* Begin PBXProject section */
		FEEAD54C1DE6ADBC0012071A /* Project object */ = {
			isa = PBXProject;
			attributes = {
				LastSwiftUpdateCheck = 0810;
				LastUpgradeCheck = 0810;
				ORGANIZATIONNAME = PomHaffs;
				TargetAttributes = {
					FEEAD5531DE6ADBC0012071A = {
						CreatedOnToolsVersion = 8.1;
						DevelopmentTeam = 37N4597A88;
						ProvisioningStyle = Automatic;
						SystemCapabilities = {
							com.apple.Push = {
								enabled = 1;
							};
						};
					};
					FEEAD5671DE6ADBC0012071A = {
						CreatedOnToolsVersion = 8.1;
						DevelopmentTeam = 37N4597A88;
						ProvisioningStyle = Automatic;
						TestTargetID = FEEAD5531DE6ADBC0012071A;
					};
				};
			};
			buildConfigurationList = FEEAD54F1DE6ADBC0012071A /* Build configuration list for PBXProject "PushNotifications" */;
			compatibilityVersion = "Xcode 3.2";
			developmentRegion = English;
			hasScannedForEncodings = 0;
			knownRegions = (
				en,
				Base,
			);
			mainGroup = FEEAD54B1DE6ADBC0012071A;
			productRefGroup = FEEAD5551DE6ADBC0012071A /* Products */;
			projectDirPath = "";
			projectRoot = "";
			targets = (
				FEEAD5531DE6ADBC0012071A /* PushNotifications */,
				FEEAD5671DE6ADBC0012071A /* PushNotificationsTests */,
			);
		};
/* End PBXProject section */

/* Begin PBXResourcesBuildPhase section */
		FEEAD5521DE6ADBC0012071A /* Resources */ = {
			isa = PBXResourcesBuildPhase;
			buildActionMask = 2147483647;
			files = (
				FEEAD5621DE6ADBC0012071A /* LaunchScreen.storyboard in Resources */,
				FEEAD5781DE6B0030012071A /* GoogleService-Info.plist in Resources */,
				FEEAD55F1DE6ADBC0012071A /* Assets.xcassets in Resources */,
				FEEAD55D1DE6ADBC0012071A /* Main.storyboard in Resources */,
			);
			runOnlyForDeploymentPostprocessing = 0;
		};
		FEEAD5661DE6ADBC0012071A /* Resources */ = {
			isa = PBXResourcesBuildPhase;
			buildActionMask = 2147483647;
			files = (
			);
			runOnlyForDeploymentPostprocessing = 0;
		};
/* End PBXResourcesBuildPhase section */

/* Begin PBXShellScriptBuildPhase section */
		0693C300A42901F902088C83 /* [CP] Embed Pods Frameworks */ = {
			isa = PBXShellScriptBuildPhase;
			buildActionMask = 2147483647;
			files = (
			);
			inputPaths = (
			);
			name = "[CP] Embed Pods Frameworks";
			outputPaths = (
			);
			runOnlyForDeploymentPostprocessing = 0;
			shellPath = /bin/sh;
			shellScript = "\"${SRCROOT}/Pods/Target Support Files/Pods-PushNotifications/Pods-PushNotifications-frameworks.sh\"\n";
			showEnvVarsInLog = 0;
		};
		112D0761195D5491DBAF69E4 /* [CP] Embed Pods Frameworks */ = {
			isa = PBXShellScriptBuildPhase;
			buildActionMask = 2147483647;
			files = (
			);
			inputPaths = (
			);
			name = "[CP] Embed Pods Frameworks";
			outputPaths = (
			);
			runOnlyForDeploymentPostprocessing = 0;
			shellPath = /bin/sh;
			shellScript = "\"${SRCROOT}/Pods/Target Support Files/Pods-PushNotificationsTests/Pods-PushNotificationsTests-frameworks.sh\"\n";
			showEnvVarsInLog = 0;
		};
		1D0A75FB40E9D91B2A032ABD /* [CP] Copy Pods Resources */ = {
			isa = PBXShellScriptBuildPhase;
			buildActionMask = 2147483647;
			files = (
			);
			inputPaths = (
			);
			name = "[CP] Copy Pods Resources";
			outputPaths = (
			);
			runOnlyForDeploymentPostprocessing = 0;
			shellPath = /bin/sh;
			shellScript = "\"${SRCROOT}/Pods/Target Support Files/Pods-PushNotificationsTests/Pods-PushNotificationsTests-resources.sh\"\n";
			showEnvVarsInLog = 0;
		};
		24EE3E51E703C007C0894A89 /* [CP] Check Pods Manifest.lock */ = {
			isa = PBXShellScriptBuildPhase;
			buildActionMask = 2147483647;
			files = (
			);
			inputPaths = (
			);
			name = "[CP] Check Pods Manifest.lock";
			outputPaths = (
			);
			runOnlyForDeploymentPostprocessing = 0;
			shellPath = /bin/sh;
			shellScript = "diff \"${PODS_ROOT}/../Podfile.lock\" \"${PODS_ROOT}/Manifest.lock\" > /dev/null\nif [ $? != 0 ] ; then\n    # print error to STDERR\n    echo \"error: The sandbox is not in sync with the Podfile.lock. Run 'pod install' or update your CocoaPods installation.\" >&2\n    exit 1\nfi\n";
			showEnvVarsInLog = 0;
		};
		80DF4D90B9EA7C8450379D32 /* [CP] Check Pods Manifest.lock */ = {
			isa = PBXShellScriptBuildPhase;
			buildActionMask = 2147483647;
			files = (
			);
			inputPaths = (
			);
			name = "[CP] Check Pods Manifest.lock";
			outputPaths = (
			);
			runOnlyForDeploymentPostprocessing = 0;
			shellPath = /bin/sh;
			shellScript = "diff \"${PODS_ROOT}/../Podfile.lock\" \"${PODS_ROOT}/Manifest.lock\" > /dev/null\nif [ $? != 0 ] ; then\n    # print error to STDERR\n    echo \"error: The sandbox is not in sync with the Podfile.lock. Run 'pod install' or update your CocoaPods installation.\" >&2\n    exit 1\nfi\n";
			showEnvVarsInLog = 0;
		};
		AFFC6612EFDEA24AA969731E /* [CP] Copy Pods Resources */ = {
			isa = PBXShellScriptBuildPhase;
			buildActionMask = 2147483647;
			files = (
			);
			inputPaths = (
			);
			name = "[CP] Copy Pods Resources";
			outputPaths = (
			);
			runOnlyForDeploymentPostprocessing = 0;
			shellPath = /bin/sh;
			shellScript = "\"${SRCROOT}/Pods/Target Support Files/Pods-PushNotifications/Pods-PushNotifications-resources.sh\"\n";
			showEnvVarsInLog = 0;
		};
/* End PBXShellScriptBuildPhase section */

/* Begin PBXSourcesBuildPhase section */
		FEEAD5501DE6ADBC0012071A /* Sources */ = {
			isa = PBXSourcesBuildPhase;
			buildActionMask = 2147483647;
			files = (
				FEEAD55A1DE6ADBC0012071A /* ViewController.swift in Sources */,
				FEEAD5581DE6ADBC0012071A /* AppDelegate.swift in Sources */,
			);
			runOnlyForDeploymentPostprocessing = 0;
		};
		FEEAD5641DE6ADBC0012071A /* Sources */ = {
			isa = PBXSourcesBuildPhase;
			buildActionMask = 2147483647;
			files = (
				FEEAD56D1DE6ADBC0012071A /* PushNotificationsTests.swift in Sources */,
			);
			runOnlyForDeploymentPostprocessing = 0;
		};
/* End PBXSourcesBuildPhase section */

/* Begin PBXTargetDependency section */
		FEEAD56A1DE6ADBC0012071A /* PBXTargetDependency */ = {
			isa = PBXTargetDependency;
			target = FEEAD5531DE6ADBC0012071A /* PushNotifications */;
			targetProxy = FEEAD5691DE6ADBC0012071A /* PBXContainerItemProxy */;
		};
/* End PBXTargetDependency section */

/* Begin PBXVariantGroup section */
		FEEAD55B1DE6ADBC0012071A /* Main.storyboard */ = {
			isa = PBXVariantGroup;
			children = (
				FEEAD55C1DE6ADBC0012071A /* Base */,
			);
			name = Main.storyboard;
			sourceTree = "<group>";
		};
		FEEAD5601DE6ADBC0012071A /* LaunchScreen.storyboard */ = {
			isa = PBXVariantGroup;
			children = (
				FEEAD5611DE6ADBC0012071A /* Base */,
			);
			name = LaunchScreen.storyboard;
			sourceTree = "<group>";
		};
/* End PBXVariantGroup section */

/* Begin XCBuildConfiguration section */
		FEEAD56F1DE6ADBC0012071A /* Debug */ = {
			isa = XCBuildConfiguration;
			buildSettings = {
				ALWAYS_SEARCH_USER_PATHS = NO;
				CLANG_ANALYZER_NONNULL = YES;
				CLANG_CXX_LANGUAGE_STANDARD = "gnu++0x";
				CLANG_CXX_LIBRARY = "libc++";
				CLANG_ENABLE_MODULES = YES;
				CLANG_ENABLE_OBJC_ARC = YES;
				CLANG_WARN_BOOL_CONVERSION = YES;
				CLANG_WARN_CONSTANT_CONVERSION = YES;
				CLANG_WARN_DIRECT_OBJC_ISA_USAGE = YES_ERROR;
				CLANG_WARN_DOCUMENTATION_COMMENTS = YES;
				CLANG_WARN_EMPTY_BODY = YES;
				CLANG_WARN_ENUM_CONVERSION = YES;
				CLANG_WARN_INFINITE_RECURSION = YES;
				CLANG_WARN_INT_CONVERSION = YES;
				CLANG_WARN_OBJC_ROOT_CLASS = YES_ERROR;
				CLANG_WARN_SUSPICIOUS_MOVES = YES;
				CLANG_WARN_UNREACHABLE_CODE = YES;
				CLANG_WARN__DUPLICATE_METHOD_MATCH = YES;
				"CODE_SIGN_IDENTITY[sdk=iphoneos*]" = "iPhone Developer";
				COPY_PHASE_STRIP = NO;
				DEBUG_INFORMATION_FORMAT = dwarf;
				ENABLE_STRICT_OBJC_MSGSEND = YES;
				ENABLE_TESTABILITY = YES;
				GCC_C_LANGUAGE_STANDARD = gnu99;
				GCC_DYNAMIC_NO_PIC = NO;
				GCC_NO_COMMON_BLOCKS = YES;
				GCC_OPTIMIZATION_LEVEL = 0;
				GCC_PREPROCESSOR_DEFINITIONS = (
					"DEBUG=1",
					"$(inherited)",
				);
				GCC_WARN_64_TO_32_BIT_CONVERSION = YES;
				GCC_WARN_ABOUT_RETURN_TYPE = YES_ERROR;
				GCC_WARN_UNDECLARED_SELECTOR = YES;
				GCC_WARN_UNINITIALIZED_AUTOS = YES_AGGRESSIVE;
				GCC_WARN_UNUSED_FUNCTION = YES;
				GCC_WARN_UNUSED_VARIABLE = YES;
				IPHONEOS_DEPLOYMENT_TARGET = 10.1;
				MTL_ENABLE_DEBUG_INFO = YES;
				ONLY_ACTIVE_ARCH = YES;
				SDKROOT = iphoneos;
				SWIFT_ACTIVE_COMPILATION_CONDITIONS = DEBUG;
				SWIFT_OPTIMIZATION_LEVEL = "-Onone";
				TARGETED_DEVICE_FAMILY = "1,2";
			};
			name = Debug;
		};
		FEEAD5701DE6ADBC0012071A /* Release */ = {
			isa = XCBuildConfiguration;
			buildSettings = {
				ALWAYS_SEARCH_USER_PATHS = NO;
				CLANG_ANALYZER_NONNULL = YES;
				CLANG_CXX_LANGUAGE_STANDARD = "gnu++0x";
				CLANG_CXX_LIBRARY = "libc++";
				CLANG_ENABLE_MODULES = YES;
				CLANG_ENABLE_OBJC_ARC = YES;
				CLANG_WARN_BOOL_CONVERSION = YES;
				CLANG_WARN_CONSTANT_CONVERSION = YES;
				CLANG_WARN_DIRECT_OBJC_ISA_USAGE = YES_ERROR;
				CLANG_WARN_DOCUMENTATION_COMMENTS = YES;
				CLANG_WARN_EMPTY_BODY = YES;
				CLANG_WARN_ENUM_CONVERSION = YES;
				CLANG_WARN_INFINITE_RECURSION = YES;
				CLANG_WARN_INT_CONVERSION = YES;
				CLANG_WARN_OBJC_ROOT_CLASS = YES_ERROR;
				CLANG_WARN_SUSPICIOUS_MOVES = YES;
				CLANG_WARN_UNREACHABLE_CODE = YES;
				CLANG_WARN__DUPLICATE_METHOD_MATCH = YES;
				"CODE_SIGN_IDENTITY[sdk=iphoneos*]" = "iPhone Developer";
				COPY_PHASE_STRIP = NO;
				DEBUG_INFORMATION_FORMAT = "dwarf-with-dsym";
				ENABLE_NS_ASSERTIONS = NO;
				ENABLE_STRICT_OBJC_MSGSEND = YES;
				GCC_C_LANGUAGE_STANDARD = gnu99;
				GCC_NO_COMMON_BLOCKS = YES;
				GCC_WARN_64_TO_32_BIT_CONVERSION = YES;
				GCC_WARN_ABOUT_RETURN_TYPE = YES_ERROR;
				GCC_WARN_UNDECLARED_SELECTOR = YES;
				GCC_WARN_UNINITIALIZED_AUTOS = YES_AGGRESSIVE;
				GCC_WARN_UNUSED_FUNCTION = YES;
				GCC_WARN_UNUSED_VARIABLE = YES;
				IPHONEOS_DEPLOYMENT_TARGET = 10.1;
				MTL_ENABLE_DEBUG_INFO = NO;
				SDKROOT = iphoneos;
				SWIFT_OPTIMIZATION_LEVEL = "-Owholemodule";
				TARGETED_DEVICE_FAMILY = "1,2";
				VALIDATE_PRODUCT = YES;
			};
			name = Release;
		};
		FEEAD5721DE6ADBC0012071A /* Debug */ = {
			isa = XCBuildConfiguration;
			baseConfigurationReference = A233E70CA8622FB02C8C8C14 /* Pods-PushNotifications.debug.xcconfig */;
			buildSettings = {
				ASSETCATALOG_COMPILER_APPICON_NAME = AppIcon;
				CODE_SIGN_ENTITLEMENTS = PushNotifications/PushNotifications.entitlements;
				DEVELOPMENT_TEAM = 37N4597A88;
				INFOPLIST_FILE = PushNotifications/Info.plist;
				LD_RUNPATH_SEARCH_PATHS = "$(inherited) @executable_path/Frameworks";
				PRODUCT_BUNDLE_IDENTIFIER = PomHaffs.PushNotifications;
				PRODUCT_NAME = "$(TARGET_NAME)";
				SWIFT_VERSION = 3.0;
			};
			name = Debug;
		};
		FEEAD5731DE6ADBC0012071A /* Release */ = {
			isa = XCBuildConfiguration;
			baseConfigurationReference = CC2B665C73411042A5D3B3D8 /* Pods-PushNotifications.release.xcconfig */;
			buildSettings = {
				ASSETCATALOG_COMPILER_APPICON_NAME = AppIcon;
				CODE_SIGN_ENTITLEMENTS = PushNotifications/PushNotifications.entitlements;
				DEVELOPMENT_TEAM = 37N4597A88;
				INFOPLIST_FILE = PushNotifications/Info.plist;
				LD_RUNPATH_SEARCH_PATHS = "$(inherited) @executable_path/Frameworks";
				PRODUCT_BUNDLE_IDENTIFIER = PomHaffs.PushNotifications;
				PRODUCT_NAME = "$(TARGET_NAME)";
				SWIFT_VERSION = 3.0;
			};
			name = Release;
		};
		FEEAD5751DE6ADBC0012071A /* Debug */ = {
			isa = XCBuildConfiguration;
			baseConfigurationReference = C076EF3CD4082E5F8B71C090 /* Pods-PushNotificationsTests.debug.xcconfig */;
			buildSettings = {
				ALWAYS_EMBED_SWIFT_STANDARD_LIBRARIES = YES;
				BUNDLE_LOADER = "$(TEST_HOST)";
				DEVELOPMENT_TEAM = 37N4597A88;
				INFOPLIST_FILE = PushNotificationsTests/Info.plist;
				LD_RUNPATH_SEARCH_PATHS = "$(inherited) @executable_path/Frameworks @loader_path/Frameworks";
				PRODUCT_BUNDLE_IDENTIFIER = PomHaffs.PushNotificationsTests;
				PRODUCT_NAME = "$(TARGET_NAME)";
				SWIFT_VERSION = 3.0;
				TEST_HOST = "$(BUILT_PRODUCTS_DIR)/PushNotifications.app/PushNotifications";
			};
			name = Debug;
		};
		FEEAD5761DE6ADBC0012071A /* Release */ = {
			isa = XCBuildConfiguration;
			baseConfigurationReference = 968EB971DEBF3AD0F26E7DEB /* Pods-PushNotificationsTests.release.xcconfig */;
			buildSettings = {
				ALWAYS_EMBED_SWIFT_STANDARD_LIBRARIES = YES;
				BUNDLE_LOADER = "$(TEST_HOST)";
				DEVELOPMENT_TEAM = 37N4597A88;
				INFOPLIST_FILE = PushNotificationsTests/Info.plist;
				LD_RUNPATH_SEARCH_PATHS = "$(inherited) @executable_path/Frameworks @loader_path/Frameworks";
				PRODUCT_BUNDLE_IDENTIFIER = PomHaffs.PushNotificationsTests;
				PRODUCT_NAME = "$(TARGET_NAME)";
				SWIFT_VERSION = 3.0;
				TEST_HOST = "$(BUILT_PRODUCTS_DIR)/PushNotifications.app/PushNotifications";
			};
			name = Release;
		};
/* End XCBuildConfiguration section */

/* Begin XCConfigurationList section */
		FEEAD54F1DE6ADBC0012071A /* Build configuration list for PBXProject "PushNotifications" */ = {
			isa = XCConfigurationList;
			buildConfigurations = (
				FEEAD56F1DE6ADBC0012071A /* Debug */,
				FEEAD5701DE6ADBC0012071A /* Release */,
			);
			defaultConfigurationIsVisible = 0;
			defaultConfigurationName = Release;
		};
		FEEAD5711DE6ADBC0012071A /* Build configuration list for PBXNativeTarget "PushNotifications" */ = {
			isa = XCConfigurationList;
			buildConfigurations = (
				FEEAD5721DE6ADBC0012071A /* Debug */,
				FEEAD5731DE6ADBC0012071A /* Release */,
			);
			defaultConfigurationIsVisible = 0;
			defaultConfigurationName = Release;
		};
		FEEAD5741DE6ADBC0012071A /* Build configuration list for PBXNativeTarget "PushNotificationsTests" */ = {
			isa = XCConfigurationList;
			buildConfigurations = (
				FEEAD5751DE6ADBC0012071A /* Debug */,
				FEEAD5761DE6ADBC0012071A /* Release */,
			);
			defaultConfigurationIsVisible = 0;
			defaultConfigurationName = Release;
		};
/* End XCConfigurationList section */
	};
	rootObject = FEEAD54C1DE6ADBC0012071A /* Project object */;
}
